# This file is autogenerated, do not edit; changes may be undone by the next 'dep ensure'.


[[projects]]
  branch = "master"
  name = "code.jiecaojingxuan.com/gobase/logkit"
  packages = ["."]
  revision = "e659b88a622940e0f3e6a37cee2a26eefb8482c4"

[[projects]]
  branch = "master"
  name = "code.jiecaojingxuan.com/gobase/resolver"
  packages = ["."]
  revision = "fdeb6ceb11dc924591efc8b6091ff06cf2cca4ac"

[[projects]]
  name = "github.com/garyburd/redigo"
  packages = [
    "internal",
    "redis"
  ]
  revision = "d1ed5c67e5794de818ea85e6b522fda02623a484"
  version = "v1.4.0"

[solve-meta]
  analyzer-name = "dep"
  analyzer-version = 1
  inputs-digest = "943e53c99f19fac4182bb9f4c6b04026f6e433c70d8bb52cc3164e22986bc3c5"
  solver-name = "gps-cdcl"
  solver-version = 1
